
Microsoft Visual Studio Solution File, Format Version 12.00
# Visual Studio Version 17
VisualStudioVersion = 17.7.34024.191
MinimumVisualStudioVersion = 10.0.40219.1
Project("{FAE04EC0-301F-11D3-BF4B-00C04F79EFBC}") = "MatchGame", "MatchGame\MatchGame.csproj", "{1D465745-E9ED-4495-B15F-2B6F0D1CA320}"
EndProject
Global
	GlobalSection(SolutionConfigurationPlatforms) = preSolution
		Debug|Any CPU = Debug|Any CPU
		Release|Any CPU = Release|Any CPU
	EndGlobalSection
	GlobalSection(ProjectConfigurationPlatforms) = postSolution
		{1D465745-E9ED-4495-B15F-2B6F0D1CA320}.Debug|Any CPU.ActiveCfg = Debug|Any CPU
		{1D465745-E9ED-4495-B15F-2B6F0D1CA320}.Debug|Any CPU.Build.0 = Debug|Any CPU
		{1D465745-E9ED-4495-B15F-2B6F0D1CA320}.Release|Any CPU.ActiveCfg = Release|Any CPU
		{1D465745-E9ED-4495-B15F-2B6F0D1CA320}.Release|Any CPU.Build.0 = Release|Any CPU
	EndGlobalSection
	GlobalSection(SolutionProperties) = preSolution
		HideSolutionNode = FALSE
	EndGlobalSection
	GlobalSection(ExtensibilityGlobals) = postSolution
		SolutionGuid = {2376B20E-23F3-475F-8AD5-0C6701E7CBCA}
	EndGlobalSection
EndGlobal
